
Microsoft Visual Studio Solution File, Format Version 12.00
# Visual Studio Version 16
VisualStudioVersion = 16.0.29411.108
MinimumVisualStudioVersion = 10.0.40219.1
Project("{FAE04EC0-301F-11D3-BF4B-00C04F79EFBC}") = "BalancedBrackets", "BalancedBrackets\BalancedBrackets.csproj", "{C961043B-F278-4A3A-980E-F68D1B3AEBEE}"
EndProject
Global
	GlobalSection(SolutionConfigurationPlatforms) = preSolution
		Debug|Any CPU = Debug|Any CPU
		Release|Any CPU = Release|Any CPU
	EndGlobalSection
	GlobalSection(ProjectConfigurationPlatforms) = postSolution
		{C961043B-F278-4A3A-980E-F68D1B3AEBEE}.Debug|Any CPU.ActiveCfg = Debug|Any CPU
		{C961043B-F278-4A3A-980E-F68D1B3AEBEE}.Debug|Any CPU.Build.0 = Debug|Any CPU
		{C961043B-F278-4A3A-980E-F68D1B3AEBEE}.Release|Any CPU.ActiveCfg = Release|Any CPU
		{C961043B-F278-4A3A-980E-F68D1B3AEBEE}.Release|Any CPU.Build.0 = Release|Any CPU
	EndGlobalSection
	GlobalSection(SolutionProperties) = preSolution
		HideSolutionNode = FALSE
	EndGlobalSection
	GlobalSection(ExtensibilityGlobals) = postSolution
		SolutionGuid = {0B3F832A-E322-42FF-AE0D-A213FE1E8D4C}
	EndGlobalSection
EndGlobal
